
Microsoft Visual Studio Solution File, Format Version 12.00
# Visual Studio Version 16
VisualStudioVersion = 16.0.29728.190
MinimumVisualStudioVersion = 10.0.40219.1
Project("{FAE04EC0-301F-11D3-BF4B-00C04F79EFBC}") = "Linq Problems", "Linq Problems.csproj", "{46A45B09-3E46-45C7-8006-324AFF3F9459}"
EndProject
Global
	GlobalSection(SolutionConfigurationPlatforms) = preSolution
		Debug|Any CPU = Debug|Any CPU
		Release|Any CPU = Release|Any CPU
	EndGlobalSection
	GlobalSection(ProjectConfigurationPlatforms) = postSolution
		{46A45B09-3E46-45C7-8006-324AFF3F9459}.Debug|Any CPU.ActiveCfg = Debug|Any CPU
		{46A45B09-3E46-45C7-8006-324AFF3F9459}.Debug|Any CPU.Build.0 = Debug|Any CPU
		{46A45B09-3E46-45C7-8006-324AFF3F9459}.Release|Any CPU.ActiveCfg = Release|Any CPU
		{46A45B09-3E46-45C7-8006-324AFF3F9459}.Release|Any CPU.Build.0 = Release|Any CPU
	EndGlobalSection
	GlobalSection(SolutionProperties) = preSolution
		HideSolutionNode = FALSE
	EndGlobalSection
	GlobalSection(ExtensibilityGlobals) = postSolution
		SolutionGuid = {CCD810ED-5720-41A3-93F6-C4BA9678D5C8}
	EndGlobalSection
EndGlobal
